{
  "name": "liburkel-integration",
  "version": "0.0.0",
  "lockfileVersion": 2,
  "requires": true,
  "packages": {
    "": {
      "name": "liburkel-integration",
      "version": "0.0.0",
      "license": "MIT",
      "dependencies": {
        "urkel": "^1.0.2"
      }
    },
    "node_modules/bfile": {
      "version": "0.2.2",
      "resolved": "https://registry.npmjs.org/bfile/-/bfile-0.2.2.tgz",
      "integrity": "sha512-X205SsJ7zFAnjeJ/pBLqDqF10x/4Su3pBy8UdVKw4hdGJk7t5pLoRi+uG4rPaDAClGbrEfT/06PGUbYiMYKzTg==",
      "engines": {
        "node": ">=8.0.0"
      }
    },
    "node_modules/bmutex": {
      "version": "0.1.6",
      "resolved": "https://registry.npmjs.org/bmutex/-/bmutex-0.1.6.tgz",
      "integrity": "sha512-nXWOXtQHbfPaMl6jyEF/rmRMrcemj2qn+OCAI/uZYurjfx7Dg3baoXdPzHOL0U8Cfvn8CWxKcnM/rgxL7DR4zw==",
      "dependencies": {
        "bsert": "~0.0.10"
      },
      "engines": {
        "node": ">=8.0.0"
      }
    },
    "node_modules/bsert": {
      "version": "0.0.10",
      "resolved": "https://registry.npmjs.org/bsert/-/bsert-0.0.10.tgz",
      "integrity": "sha512-NHNwlac+WPy4t2LoNh8pXk8uaIGH3NSaIUbTTRXGpE2WEbq0te/tDykYHkFK57YKLPjv/aGHmbqvnGeVWDz57Q==",
      "engines": {
        "node": ">=8.0.0"
      }
    },
    "node_modules/urkel": {
      "version": "1.0.2",
      "resolved": "https://registry.npmjs.org/urkel/-/urkel-1.0.2.tgz",
      "integrity": "sha512-Y5UXbgBr6pczrD08N0SYJkWjtdtTTpmZsOvuftdrEHLnTjuxwSNjKsXYLQkICTptvnHAJ2OjI6XdAxtYTyOHew==",
      "dependencies": {
        "bfile": "~0.2.1",
        "bmutex": "~0.1.6",
        "bsert": "~0.0.10"
      },
      "engines": {
        "node": ">=8.0.0"
      }
    }
  },
  "dependencies": {
    "bfile": {
      "version": "0.2.2",
      "resolved": "https://registry.npmjs.org/bfile/-/bfile-0.2.2.tgz",
      "integrity": "sha512-X205SsJ7zFAnjeJ/pBLqDqF10x/4Su3pBy8UdVKw4hdGJk7t5pLoRi+uG4rPaDAClGbrEfT/06PGUbYiMYKzTg=="
    },
    "bmutex": {
      "version": "0.1.6",
      "resolved": "https://registry.npmjs.org/bmutex/-/bmutex-0.1.6.tgz",
      "integrity": "sha512-nXWOXtQHbfPaMl6jyEF/rmRMrcemj2qn+OCAI/uZYurjfx7Dg3baoXdPzHOL0U8Cfvn8CWxKcnM/rgxL7DR4zw==",
      "requires": {
        "bsert": "~0.0.10"
      }
    },
    "bsert": {
      "version": "0.0.10",
      "resolved": "https://registry.npmjs.org/bsert/-/bsert-0.0.10.tgz",
      "integrity": "sha512-NHNwlac+WPy4t2LoNh8pXk8uaIGH3NSaIUbTTRXGpE2WEbq0te/tDykYHkFK57YKLPjv/aGHmbqvnGeVWDz57Q=="
    },
    "urkel": {
      "version": "1.0.2",
      "resolved": "https://registry.npmjs.org/urkel/-/urkel-1.0.2.tgz",
      "integrity": "sha512-Y5UXbgBr6pczrD08N0SYJkWjtdtTTpmZsOvuftdrEHLnTjuxwSNjKsXYLQkICTptvnHAJ2OjI6XdAxtYTyOHew==",
      "requires": {
        "bfile": "~0.2.1",
        "bmutex": "~0.1.6",
        "bsert": "~0.0.10"
      }
    }
  }
}
